{
  "lib/ETHDILITHIUM": {
    "rev": "45bac750d81f65eb4ab4622df360c8f83c227f19"
  },
  "lib/ETHFALCON": {
    "rev": "b1f2a263d59b32f9f2d457de816daa12fc9da190"
  },
  "lib/account-abstraction": {
    "tag": {
      "name": "v0.8.0",
      "rev": "4cbc06072cdc19fd60f285c5997f4f7f57a588de"
    }
  },
  "lib/forge-std": {
    "tag": {
      "name": "v1.12.0",
      "rev": "7117c90c8cf6c68e5acce4f09a6b24715cea4de6"
    }
  },
  "lib/openzeppelin-contracts": {
    "tag": {
      "name": "v5.5.0",
      "rev": "fcbae5394ae8ad52d8e580a3477db99814b9d565"
    }
  }
}